// !$*UTF8*$!
{
	archiveVersion = 1;
	classes = {
	};
	objectVersion = 46;
	objects = {

/* Begin PBXBuildFile section */
		33DDC9D91EAF7E4A000A07F0 /* AppDelegate.swift in Sources */ = {isa = PBXBuildFile; fileRef = 33DDC9D81EAF7E4A000A07F0 /* AppDelegate.swift */; };
		33DDC9DB1EAF7E4A000A07F0 /* ViewController.swift in Sources */ = {isa = PBXBuildFile; fileRef = 33DDC9DA1EAF7E4A000A07F0 /* ViewController.swift */; };
		33DDC9DE1EAF7E4A000A07F0 /* Main.storyboard in Resources */ = {isa = PBXBuildFile; fileRef = 33DDC9DC1EAF7E4A000A07F0 /* Main.storyboard */; };
		33DDC9E11EAF7E4A000A07F0 /* Awesome_Points_Of_Interests.xcdatamodeld in Sources */ = {isa = PBXBuildFile; fileRef = 33DDC9DF1EAF7E4A000A07F0 /* Awesome_Points_Of_Interests.xcdatamodeld */; };
		33DDC9E31EAF7E4A000A07F0 /* Assets.xcassets in Resources */ = {isa = PBXBuildFile; fileRef = 33DDC9E21EAF7E4A000A07F0 /* Assets.xcassets */; };
		33DDC9E61EAF7E4A000A07F0 /* LaunchScreen.storyboard in Resources */ = {isa = PBXBuildFile; fileRef = 33DDC9E41EAF7E4A000A07F0 /* LaunchScreen.storyboard */; };
		33DDC9EE1EAF8FB4000A07F0 /* PointOfInterest.swift in Sources */ = {isa = PBXBuildFile; fileRef = 33DDC9ED1EAF8FB4000A07F0 /* PointOfInterest.swift */; };
		33DDC9F01EAF8FBF000A07F0 /* Directory.swift in Sources */ = {isa = PBXBuildFile; fileRef = 33DDC9EF1EAF8FBF000A07F0 /* Directory.swift */; };
/* End PBXBuildFile section */

/* Begin PBXFileReference section */
		33DDC9D51EAF7E4A000A07F0 /* Awesome Points Of Interests.app */ = {isa = PBXFileReference; explicitFileType = wrapper.application; includeInIndex = 0; path = "Awesome Points Of Interests.app"; sourceTree = BUILT_PRODUCTS_DIR; };
		33DDC9D81EAF7E4A000A07F0 /* AppDelegate.swift */ = {isa = PBXFileReference; lastKnownFileType = sourcecode.swift; path = AppDelegate.swift; sourceTree = "<group>"; };
		33DDC9DA1EAF7E4A000A07F0 /* ViewController.swift */ = {isa = PBXFileReference; lastKnownFileType = sourcecode.swift; path = ViewController.swift; sourceTree = "<group>"; };
		33DDC9DD1EAF7E4A000A07F0 /* Base */ = {isa = PBXFileReference; lastKnownFileType = file.storyboard; name = Base; path = Base.lproj/Main.storyboard; sourceTree = "<group>"; };
		33DDC9E01EAF7E4A000A07F0 /* Awesome_Points_Of_Interests.xcdatamodel */ = {isa = PBXFileReference; lastKnownFileType = wrapper.xcdatamodel; path = Awesome_Points_Of_Interests.xcdatamodel; sourceTree = "<group>"; };
		33DDC9E21EAF7E4A000A07F0 /* Assets.xcassets */ = {isa = PBXFileReference; lastKnownFileType = folder.assetcatalog; path = Assets.xcassets; sourceTree = "<group>"; };
		33DDC9E51EAF7E4A000A07F0 /* Base */ = {isa = PBXFileReference; lastKnownFileType = file.storyboard; name = Base; path = Base.lproj/LaunchScreen.storyboard; sourceTree = "<group>"; };
		33DDC9E71EAF7E4A000A07F0 /* Info.plist */ = {isa = PBXFileReference; lastKnownFileType = text.plist.xml; path = Info.plist; sourceTree = "<group>"; };
		33DDC9ED1EAF8FB4000A07F0 /* PointOfInterest.swift */ = {isa = PBXFileReference; fileEncoding = 4; lastKnownFileType = sourcecode.swift; path = PointOfInterest.swift; sourceTree = "<group>"; };
		33DDC9EF1EAF8FBF000A07F0 /* Directory.swift */ = {isa = PBXFileReference; fileEncoding = 4; lastKnownFileType = sourcecode.swift; path = Directory.swift; sourceTree = "<group>"; };
/* End PBXFileReference section */

/* Begin PBXFrameworksBuildPhase section */
		33DDC9D21EAF7E4A000A07F0 /* Frameworks */ = {
			isa = PBXFrameworksBuildPhase;
			buildActionMask = 2147483647;
			files = (
			);
			runOnlyForDeploymentPostprocessing = 0;
		};
/* End PBXFrameworksBuildPhase section */

/* Begin PBXGroup section */
		33DDC9CC1EAF7E4A000A07F0 = {
			isa = PBXGroup;
			children = (
				33DDC9D71EAF7E4A000A07F0 /* Awesome Points Of Interests */,
				33DDC9D61EAF7E4A000A07F0 /* Products */,
			);
			sourceTree = "<group>";
		};
		33DDC9D61EAF7E4A000A07F0 /* Products */ = {
			isa = PBXGroup;
			children = (
				33DDC9D51EAF7E4A000A07F0 /* Awesome Points Of Interests.app */,
			);
			name = Products;
			sourceTree = "<group>";
		};
		33DDC9D71EAF7E4A000A07F0 /* Awesome Points Of Interests */ = {
			isa = PBXGroup;
			children = (
				33DDC9F11EAF90C9000A07F0 /* Models */,
				33DDC9D81EAF7E4A000A07F0 /* AppDelegate.swift */,
				33DDC9DA1EAF7E4A000A07F0 /* ViewController.swift */,
				33DDC9DC1EAF7E4A000A07F0 /* Main.storyboard */,
				33DDC9E21EAF7E4A000A07F0 /* Assets.xcassets */,
				33DDC9E41EAF7E4A000A07F0 /* LaunchScreen.storyboard */,
				33DDC9E71EAF7E4A000A07F0 /* Info.plist */,
				33DDC9DF1EAF7E4A000A07F0 /* Awesome_Points_Of_Interests.xcdatamodeld */,
			);
			path = "Awesome Points Of Interests";
			sourceTree = "<group>";
		};
		33DDC9F11EAF90C9000A07F0 /* Models */ = {
			isa = PBXGroup;
			children = (
				33DDC9ED1EAF8FB4000A07F0 /* PointOfInterest.swift */,
				33DDC9EF1EAF8FBF000A07F0 /* Directory.swift */,
			);
			name = Models;
			sourceTree = "<group>";
		};
/* End PBXGroup section */

/* Begin PBXNativeTarget section */
		33DDC9D41EAF7E4A000A07F0 /* Awesome Points Of Interests */ = {
			isa = PBXNativeTarget;
			buildConfigurationList = 33DDC9EA1EAF7E4A000A07F0 /* Build configuration list for PBXNativeTarget "Awesome Points Of Interests" */;
			buildPhases = (
				33DDC9D11EAF7E4A000A07F0 /* Sources */,
				33DDC9D21EAF7E4A000A07F0 /* Frameworks */,
				33DDC9D31EAF7E4A000A07F0 /* Resources */,
			);
			buildRules = (
			);
			dependencies = (
			);
			name = "Awesome Points Of Interests";
			productName = "Awesome Points Of Interests";
			productReference = 33DDC9D51EAF7E4A000A07F0 /* Awesome Points Of Interests.app */;
			productType = "com.apple.product-type.application";
		};
/* End PBXNativeTarget section */

/* Begin PBXProject section */
		33DDC9CD1EAF7E4A000A07F0 /* Project object */ = {
			isa = PBXProject;
			attributes = {
				LastSwiftUpdateCheck = 0830;
				LastUpgradeCheck = 0830;
				ORGANIZATIONNAME = "Ludovic Ollagnier";
				TargetAttributes = {
					33DDC9D41EAF7E4A000A07F0 = {
						CreatedOnToolsVersion = 8.3.2;
						DevelopmentTeam = A7SGM6JEMA;
						ProvisioningStyle = Automatic;
					};
				};
			};
			buildConfigurationList = 33DDC9D01EAF7E4A000A07F0 /* Build configuration list for PBXProject "Awesome Points Of Interests" */;
			compatibilityVersion = "Xcode 3.2";
			developmentRegion = English;
			hasScannedForEncodings = 0;
			knownRegions = (
				en,
				Base,
			);
			mainGroup = 33DDC9CC1EAF7E4A000A07F0;
			productRefGroup = 33DDC9D61EAF7E4A000A07F0 /* Products */;
			projectDirPath = "";
			projectRoot = "";
			targets = (
				33DDC9D41EAF7E4A000A07F0 /* Awesome Points Of Interests */,
			);
		};
/* End PBXProject section */

/* Begin PBXResourcesBuildPhase section */
		33DDC9D31EAF7E4A000A07F0 /* Resources */ = {
			isa = PBXResourcesBuildPhase;
			buildActionMask = 2147483647;
			files = (
				33DDC9E61EAF7E4A000A07F0 /* LaunchScreen.storyboard in Resources */,
				33DDC9E31EAF7E4A000A07F0 /* Assets.xcassets in Resources */,
				33DDC9DE1EAF7E4A000A07F0 /* Main.storyboard in Resources */,
			);
			runOnlyForDeploymentPostprocessing = 0;
		};
/* End PBXResourcesBuildPhase section */

/* Begin PBXSourcesBuildPhase section */
		33DDC9D11EAF7E4A000A07F0 /* Sources */ = {
			isa = PBXSourcesBuildPhase;
			buildActionMask = 2147483647;
			files = (
				33DDC9E11EAF7E4A000A07F0 /* Awesome_Points_Of_Interests.xcdatamodeld in Sources */,
				33DDC9EE1EAF8FB4000A07F0 /* PointOfInterest.swift in Sources */,
				33DDC9DB1EAF7E4A000A07F0 /* ViewController.swift in Sources */,
				33DDC9D91EAF7E4A000A07F0 /* AppDelegate.swift in Sources */,
				33DDC9F01EAF8FBF000A07F0 /* Directory.swift in Sources */,
			);
			runOnlyForDeploymentPostprocessing = 0;
		};
/* End PBXSourcesBuildPhase section */

/* Begin PBXVariantGroup section */
		33DDC9DC1EAF7E4A000A07F0 /* Main.storyboard */ = {
			isa = PBXVariantGroup;
			children = (
				33DDC9DD1EAF7E4A000A07F0 /* Base */,
			);
			name = Main.storyboard;
			sourceTree = "<group>";
		};
		33DDC9E41EAF7E4A000A07F0 /* LaunchScreen.storyboard */ = {
			isa = PBXVariantGroup;
			children = (
				33DDC9E51EAF7E4A000A07F0 /* Base */,
			);
			name = LaunchScreen.storyboard;
			sourceTree = "<group>";
		};
/* End PBXVariantGroup section */

/* Begin XCBuildConfiguration section */
		33DDC9E81EAF7E4A000A07F0 /* Debug */ = {
			isa = XCBuildConfiguration;
			buildSettings = {
				ALWAYS_SEARCH_USER_PATHS = NO;
				CLANG_ANALYZER_NONNULL = YES;
				CLANG_ANALYZER_NUMBER_OBJECT_CONVERSION = YES_AGGRESSIVE;
				CLANG_CXX_LANGUAGE_STANDARD = "gnu++0x";
				CLANG_CXX_LIBRARY = "libc++";
				CLANG_ENABLE_MODULES = YES;
				CLANG_ENABLE_OBJC_ARC = YES;
				CLANG_WARN_BOOL_CONVERSION = YES;
				CLANG_WARN_CONSTANT_CONVERSION = YES;
				CLANG_WARN_DIRECT_OBJC_ISA_USAGE = YES_ERROR;
				CLANG_WARN_DOCUMENTATION_COMMENTS = YES;
				CLANG_WARN_EMPTY_BODY = YES;
				CLANG_WARN_ENUM_CONVERSION = YES;
				CLANG_WARN_INFINITE_RECURSION = YES;
				CLANG_WARN_INT_CONVERSION = YES;
				CLANG_WARN_OBJC_ROOT_CLASS = YES_ERROR;
				CLANG_WARN_SUSPICIOUS_MOVE = YES;
				CLANG_WARN_UNREACHABLE_CODE = YES;
				CLANG_WARN__DUPLICATE_METHOD_MATCH = YES;
				"CODE_SIGN_IDENTITY[sdk=iphoneos*]" = "iPhone Developer";
				COPY_PHASE_STRIP = NO;
				DEBUG_INFORMATION_FORMAT = dwarf;
				ENABLE_STRICT_OBJC_MSGSEND = YES;
				ENABLE_TESTABILITY = YES;
				GCC_C_LANGUAGE_STANDARD = gnu99;
				GCC_DYNAMIC_NO_PIC = NO;
				GCC_NO_COMMON_BLOCKS = YES;
				GCC_OPTIMIZATION_LEVEL = 0;
				GCC_PREPROCESSOR_DEFINITIONS = (
					"DEBUG=1",
					"$(inherited)",
				);
				GCC_WARN_64_TO_32_BIT_CONVERSION = YES;
				GCC_WARN_ABOUT_RETURN_TYPE = YES_ERROR;
				GCC_WARN_UNDECLARED_SELECTOR = YES;
				GCC_WARN_UNINITIALIZED_AUTOS = YES_AGGRESSIVE;
				GCC_WARN_UNUSED_FUNCTION = YES;
				GCC_WARN_UNUSED_VARIABLE = YES;
				IPHONEOS_DEPLOYMENT_TARGET = 10.3;
				MTL_ENABLE_DEBUG_INFO = YES;
				ONLY_ACTIVE_ARCH = YES;
				SDKROOT = iphoneos;
				SWIFT_ACTIVE_COMPILATION_CONDITIONS = DEBUG;
				SWIFT_OPTIMIZATION_LEVEL = "-Onone";
			};
			name = Debug;
		};
		33DDC9E91EAF7E4A000A07F0 /* Release */ = {
			isa = XCBuildConfiguration;
			buildSettings = {
				ALWAYS_SEARCH_USER_PATHS = NO;
				CLANG_ANALYZER_NONNULL = YES;
				CLANG_ANALYZER_NUMBER_OBJECT_CONVERSION = YES_AGGRESSIVE;
				CLANG_CXX_LANGUAGE_STANDARD = "gnu++0x";
				CLANG_CXX_LIBRARY = "libc++";
				CLANG_ENABLE_MODULES = YES;
				CLANG_ENABLE_OBJC_ARC = YES;
				CLANG_WARN_BOOL_CONVERSION = YES;
				CLANG_WARN_CONSTANT_CONVERSION = YES;
				CLANG_WARN_DIRECT_OBJC_ISA_USAGE = YES_ERROR;
				CLANG_WARN_DOCUMENTATION_COMMENTS = YES;
				CLANG_WARN_EMPTY_BODY = YES;
				CLANG_WARN_ENUM_CONVERSION = YES;
				CLANG_WARN_INFINITE_RECURSION = YES;
				CLANG_WARN_INT_CONVERSION = YES;
				CLANG_WARN_OBJC_ROOT_CLASS = YES_ERROR;
				CLANG_WARN_SUSPICIOUS_MOVE = YES;
				CLANG_WARN_UNREACHABLE_CODE = YES;
				CLANG_WARN__DUPLICATE_METHOD_MATCH = YES;
				"CODE_SIGN_IDENTITY[sdk=iphoneos*]" = "iPhone Developer";
				COPY_PHASE_STRIP = NO;
				DEBUG_INFORMATION_FORMAT = "dwarf-with-dsym";
				ENABLE_NS_ASSERTIONS = NO;
				ENABLE_STRICT_OBJC_MSGSEND = YES;
				GCC_C_LANGUAGE_STANDARD = gnu99;
				GCC_NO_COMMON_BLOCKS = YES;
				GCC_WARN_64_TO_32_BIT_CONVERSION = YES;
				GCC_WARN_ABOUT_RETURN_TYPE = YES_ERROR;
				GCC_WARN_UNDECLARED_SELECTOR = YES;
				GCC_WARN_UNINITIALIZED_AUTOS = YES_AGGRESSIVE;
				GCC_WARN_UNUSED_FUNCTION = YES;
				GCC_WARN_UNUSED_VARIABLE = YES;
				IPHONEOS_DEPLOYMENT_TARGET = 10.3;
				MTL_ENABLE_DEBUG_INFO = NO;
				SDKROOT = iphoneos;
				SWIFT_OPTIMIZATION_LEVEL = "-Owholemodule";
				VALIDATE_PRODUCT = YES;
			};
			name = Release;
		};
		33DDC9EB1EAF7E4A000A07F0 /* Debug */ = {
			isa = XCBuildConfiguration;
			buildSettings = {
				ASSETCATALOG_COMPILER_APPICON_NAME = AppIcon;
				DEVELOPMENT_TEAM = A7SGM6JEMA;
				INFOPLIST_FILE = "Awesome Points Of Interests/Info.plist";
				LD_RUNPATH_SEARCH_PATHS = "$(inherited) @executable_path/Frameworks";
				PRODUCT_BUNDLE_IDENTIFIER = "com.watchever.formation.Awesome-Points-Of-Interests";
				PRODUCT_NAME = "$(TARGET_NAME)";
				SWIFT_VERSION = 3.0;
			};
			name = Debug;
		};
		33DDC9EC1EAF7E4A000A07F0 /* Release */ = {
			isa = XCBuildConfiguration;
			buildSettings = {
				ASSETCATALOG_COMPILER_APPICON_NAME = AppIcon;
				DEVELOPMENT_TEAM = A7SGM6JEMA;
				INFOPLIST_FILE = "Awesome Points Of Interests/Info.plist";
				LD_RUNPATH_SEARCH_PATHS = "$(inherited) @executable_path/Frameworks";
				PRODUCT_BUNDLE_IDENTIFIER = "com.watchever.formation.Awesome-Points-Of-Interests";
				PRODUCT_NAME = "$(TARGET_NAME)";
				SWIFT_VERSION = 3.0;
			};
			name = Release;
		};
/* End XCBuildConfiguration section */

/* Begin XCConfigurationList section */
		33DDC9D01EAF7E4A000A07F0 /* Build configuration list for PBXProject "Awesome Points Of Interests" */ = {
			isa = XCConfigurationList;
			buildConfigurations = (
				33DDC9E81EAF7E4A000A07F0 /* Debug */,
				33DDC9E91EAF7E4A000A07F0 /* Release */,
			);
			defaultConfigurationIsVisible = 0;
			defaultConfigurationName = Release;
		};
		33DDC9EA1EAF7E4A000A07F0 /* Build configuration list for PBXNativeTarget "Awesome Points Of Interests" */ = {
			isa = XCConfigurationList;
			buildConfigurations = (
				33DDC9EB1EAF7E4A000A07F0 /* Debug */,
				33DDC9EC1EAF7E4A000A07F0 /* Release */,
			);
			defaultConfigurationIsVisible = 0;
		};
/* End XCConfigurationList section */

/* Begin XCVersionGroup section */
		33DDC9DF1EAF7E4A000A07F0 /* Awesome_Points_Of_Interests.xcdatamodeld */ = {
			isa = XCVersionGroup;
			children = (
				33DDC9E01EAF7E4A000A07F0 /* Awesome_Points_Of_Interests.xcdatamodel */,
			);
			currentVersion = 33DDC9E01EAF7E4A000A07F0 /* Awesome_Points_Of_Interests.xcdatamodel */;
			path = Awesome_Points_Of_Interests.xcdatamodeld;
			sourceTree = "<group>";
			versionGroupType = wrapper.xcdatamodel;
		};
/* End XCVersionGroup section */
	};
	rootObject = 33DDC9CD1EAF7E4A000A07F0 /* Project object */;
}
